
Microsoft Visual Studio Solution File, Format Version 12.00
Project("{FAE04EC0-301F-11D3-BF4B-00C04F79EFBC}") = "Server", "Server\Server.csproj", "{DBE29677-6CB7-4212-8B99-89B50B5D171D}"
EndProject
Project("{FAE04EC0-301F-11D3-BF4B-00C04F79EFBC}") = "Client", "Client\Client.csproj", "{0BB6D2DC-35AB-42EF-8509-82DF856A427A}"
EndProject
Project("{FAE04EC0-301F-11D3-BF4B-00C04F79EFBC}") = "Shared", "Shared\Shared.csproj", "{46EEEEF9-4146-4B8F-8E36-7433F199115D}"
EndProject
Project("{FAE04EC0-301F-11D3-BF4B-00C04F79EFBC}") = "TestServer", "TestServer\TestServer.csproj", "{4D8DF807-5543-4B80-B566-E5F450B0C809}"
EndProject
Project("{FAE04EC0-301F-11D3-BF4B-00C04F79EFBC}") = "Client-lib", "Client-lib\Client-lib.csproj", "{0827E0AC-7553-48FC-A7AF-79BFC2346A0D}"
EndProject
Project("{FAE04EC0-301F-11D3-BF4B-00C04F79EFBC}") = "AndroidBlankApp1", "AndroidBlankApp1\AndroidBlankApp1.csproj", "{819B5273-24B1-440D-80F7-69CD2B910749}"
EndProject
Global
	GlobalSection(SolutionConfigurationPlatforms) = preSolution
		Debug|Any CPU = Debug|Any CPU
		Release|Any CPU = Release|Any CPU
	EndGlobalSection
	GlobalSection(ProjectConfigurationPlatforms) = postSolution
		{DBE29677-6CB7-4212-8B99-89B50B5D171D}.Debug|Any CPU.ActiveCfg = Debug|Any CPU
		{DBE29677-6CB7-4212-8B99-89B50B5D171D}.Debug|Any CPU.Build.0 = Debug|Any CPU
		{DBE29677-6CB7-4212-8B99-89B50B5D171D}.Release|Any CPU.ActiveCfg = Release|Any CPU
		{DBE29677-6CB7-4212-8B99-89B50B5D171D}.Release|Any CPU.Build.0 = Release|Any CPU
		{0BB6D2DC-35AB-42EF-8509-82DF856A427A}.Debug|Any CPU.ActiveCfg = Debug|Any CPU
		{0BB6D2DC-35AB-42EF-8509-82DF856A427A}.Debug|Any CPU.Build.0 = Debug|Any CPU
		{0BB6D2DC-35AB-42EF-8509-82DF856A427A}.Release|Any CPU.ActiveCfg = Release|Any CPU
		{0BB6D2DC-35AB-42EF-8509-82DF856A427A}.Release|Any CPU.Build.0 = Release|Any CPU
		{46EEEEF9-4146-4B8F-8E36-7433F199115D}.Debug|Any CPU.ActiveCfg = Debug|Any CPU
		{46EEEEF9-4146-4B8F-8E36-7433F199115D}.Debug|Any CPU.Build.0 = Debug|Any CPU
		{46EEEEF9-4146-4B8F-8E36-7433F199115D}.Release|Any CPU.ActiveCfg = Release|Any CPU
		{46EEEEF9-4146-4B8F-8E36-7433F199115D}.Release|Any CPU.Build.0 = Release|Any CPU
		{4D8DF807-5543-4B80-B566-E5F450B0C809}.Debug|Any CPU.ActiveCfg = Debug|Any CPU
		{4D8DF807-5543-4B80-B566-E5F450B0C809}.Debug|Any CPU.Build.0 = Debug|Any CPU
		{4D8DF807-5543-4B80-B566-E5F450B0C809}.Release|Any CPU.ActiveCfg = Release|Any CPU
		{4D8DF807-5543-4B80-B566-E5F450B0C809}.Release|Any CPU.Build.0 = Release|Any CPU
		{0827E0AC-7553-48FC-A7AF-79BFC2346A0D}.Debug|Any CPU.ActiveCfg = Debug|Any CPU
		{0827E0AC-7553-48FC-A7AF-79BFC2346A0D}.Debug|Any CPU.Build.0 = Debug|Any CPU
		{0827E0AC-7553-48FC-A7AF-79BFC2346A0D}.Release|Any CPU.ActiveCfg = Release|Any CPU
		{0827E0AC-7553-48FC-A7AF-79BFC2346A0D}.Release|Any CPU.Build.0 = Release|Any CPU
		{819B5273-24B1-440D-80F7-69CD2B910749}.Debug|Any CPU.ActiveCfg = Debug|Any CPU
		{819B5273-24B1-440D-80F7-69CD2B910749}.Debug|Any CPU.Build.0 = Debug|Any CPU
		{819B5273-24B1-440D-80F7-69CD2B910749}.Release|Any CPU.ActiveCfg = Release|Any CPU
		{819B5273-24B1-440D-80F7-69CD2B910749}.Release|Any CPU.Build.0 = Release|Any CPU
	EndGlobalSection
EndGlobal
